<?xml version="1.0" encoding="utf-8"?>
<Project ToolsVersion="4.0" xmlns="http://schemas.microsoft.com/developer/msbuild/2003">
  <ItemGroup>
    <Filter Include="ソース ファイル">
      <UniqueIdentifier>{4FC737F1-C7A5-4376-A066-2A32D752A2FF}</UniqueIdentifier>
      <Extensions>cpp;c;cc;cxx;def;odl;idl;hpj;bat;asm;asmx</Extensions>
    </Filter>
    <Filter Include="ソース ファイル\Scene">
      <UniqueIdentifier>{3dee22c8-3c53-4e84-ba11-06a72804877b}</UniqueIdentifier>
    </Filter>
    <Filter Include="ソース ファイル\system">
      <UniqueIdentifier>{7f70c276-79a3-4aab-8c7e-24b75604b681}</UniqueIdentifier>
    </Filter>
    <Filter Include="ソース ファイル\system\cpp">
      <UniqueIdentifier>{0178c3e3-bc6e-462a-86d7-252039ee27e9}</UniqueIdentifier>
    </Filter>
    <Filter Include="ソース ファイル\system\h">
      <UniqueIdentifier>{ffb83dff-2a11-41bf-a91e-939d38892e84}</UniqueIdentifier>
    </Filter>
    <Filter Include="ソース ファイル\GameObject">
      <UniqueIdentifier>{36c912df-f3b2-4fff-bd8a-c4bcfd1b1024}</UniqueIdentifier>
    </Filter>
    <Filter Include="ソース ファイル\GameObject\BackGround">
      <UniqueIdentifier>{b790b7c2-1b98-41cb-9914-927431671465}</UniqueIdentifier>
    </Filter>
    <Filter Include="ソース ファイル\GameObject\BackGround\cpp">
      <UniqueIdentifier>{20083537-6399-445f-a7af-5f2e06e95c66}</UniqueIdentifier>
    </Filter>
    <Filter Include="ソース ファイル\GameObject\BackGround\h">
      <UniqueIdentifier>{34aa1c5f-3493-4074-84a3-6d741b98d18e}</UniqueIdentifier>
    </Filter>
    <Filter Include="ソース ファイル\GameObject\Character">
      <UniqueIdentifier>{27cb1e99-2aa8-4184-91d7-baa0b47cb46c}</UniqueIdentifier>
    </Filter>
    <Filter Include="ソース ファイル\GameObject\Character\Enemy">
      <UniqueIdentifier>{8d0a75a8-cb2e-428d-ac55-3ed7ad5d85ff}</UniqueIdentifier>
    </Filter>
    <Filter Include="ソース ファイル\GameObject\Character\Player">
      <UniqueIdentifier>{d4ad932c-03b4-4ebe-8565-e38f0a98f8d6}</UniqueIdentifier>
    </Filter>
    <Filter Include="ソース ファイル\GameObject\Character\Enemy\Deamon">
      <UniqueIdentifier>{0def9e79-dc44-4549-adac-e57959666447}</UniqueIdentifier>
    </Filter>
    <Filter Include="ソース ファイル\Scene\Ending">
      <UniqueIdentifier>{143d071e-68f0-47e0-a4c6-94cf8d4cdb2c}</UniqueIdentifier>
    </Filter>
    <Filter Include="ソース ファイル\Scene\Game">
      <UniqueIdentifier>{57ea601a-b5bd-40e4-aae1-9bfb31466172}</UniqueIdentifier>
    </Filter>
    <Filter Include="ソース ファイル\Scene\Title">
      <UniqueIdentifier>{bdd6dbbb-bef3-4556-84c5-2f478944a925}</UniqueIdentifier>
    </Filter>
    <Filter Include="ソース ファイル\Scene\Game\Battle">
      <UniqueIdentifier>{a32871f3-0fb5-42b9-8ef4-9595b06878ca}</UniqueIdentifier>
    </Filter>
    <Filter Include="ソース ファイル\Scene\Game\Battle\Start">
      <UniqueIdentifier>{80e34b1c-227c-4667-9778-a998946cd032}</UniqueIdentifier>
    </Filter>
    <Filter Include="ソース ファイル\Scene\Game\Battle\Command">
      <UniqueIdentifier>{5d66a631-f665-42c6-82a5-be027d89278b}</UniqueIdentifier>
    </Filter>
    <Filter Include="ソース ファイル\Scene\Game\Battle\Comparison">
      <UniqueIdentifier>{339cb08c-6c20-43e5-8814-001bf78dc9a5}</UniqueIdentifier>
    </Filter>
    <Filter Include="ソース ファイル\Scene\Game\Battle\MoveMentStart">
      <UniqueIdentifier>{bc939a2b-d87d-4e1a-aa93-6732cc653d4a}</UniqueIdentifier>
    </Filter>
    <Filter Include="ソース ファイル\Scene\Game\Battle\MoveMentEnd">
      <UniqueIdentifier>{5462eb7a-0146-4e1d-9faa-f5fb6562c12b}</UniqueIdentifier>
    </Filter>
    <Filter Include="ソース ファイル\Scene\Game\Battle\Escape">
      <UniqueIdentifier>{289a637e-fb62-45d6-8fd0-9029af9de533}</UniqueIdentifier>
    </Filter>
    <Filter Include="ソース ファイル\Scene\Game\Battle\Victory">
      <UniqueIdentifier>{cd96c8eb-c8dd-4bc4-ab26-e9d664541b66}</UniqueIdentifier>
    </Filter>
    <Filter Include="ソース ファイル\Scene\Game\Battle\Defeat">
      <UniqueIdentifier>{fdcfe059-ee92-4d89-84f3-050c8a077cc7}</UniqueIdentifier>
    </Filter>
    <Filter Include="ソース ファイル\Scene\Game\Battle\Continue">
      <UniqueIdentifier>{2f08df2f-1691-43f2-966d-e5382ecb5137}</UniqueIdentifier>
    </Filter>
    <Filter Include="ソース ファイル\GameObject\ArrowSymbol">
      <UniqueIdentifier>{52e3eb74-64a4-4220-8d1b-ec7e5da828c5}</UniqueIdentifier>
    </Filter>
    <Filter Include="ソース ファイル\Collider">
      <UniqueIdentifier>{bb888eed-6128-4c62-8701-cac3fbda0381}</UniqueIdentifier>
    </Filter>
  </ItemGroup>
  <ItemGroup>
    <ClCompile Include="main.cpp">
      <Filter>ソース ファイル</Filter>
    </ClCompile>
    <ClCompile Include="App.cpp">
      <Filter>ソース ファイル\system\cpp</Filter>
    </ClCompile>
    <ClCompile Include="Input.cpp">
      <Filter>ソース ファイル\system\cpp</Filter>
    </ClCompile>
    <ClCompile Include="DebugDrawGrid.cpp">
      <Filter>ソース ファイル\system\cpp</Filter>
    </ClCompile>
    <ClCompile Include="AssetManager.cpp">
      <Filter>ソース ファイル\system\cpp</Filter>
    </ClCompile>
    <ClCompile Include="Field.cpp">
      <Filter>ソース ファイル\GameObject\BackGround\cpp</Filter>
    </ClCompile>
    <ClCompile Include="PlayScene.cpp">
      <Filter>ソース ファイル\Scene\Game</Filter>
    </ClCompile>
    <ClCompile Include="TitleScene.cpp">
      <Filter>ソース ファイル\Scene\Title</Filter>
    </ClCompile>
    <ClCompile Include="EndScene.cpp">
      <Filter>ソース ファイル\Scene\Ending</Filter>
    </ClCompile>
    <ClCompile Include="Player.cpp">
      <Filter>ソース ファイル\GameObject\Character\Player</Filter>
    </ClCompile>
    <ClCompile Include="Enemy.cpp">
      <Filter>ソース ファイル\GameObject\Character\Enemy</Filter>
    </ClCompile>
    <ClCompile Include="Deamon.cpp">
      <Filter>ソース ファイル\GameObject\Character\Enemy\Deamon</Filter>
    </ClCompile>
    <ClCompile Include="BattleStart.cpp">
      <Filter>ソース ファイル\Scene\Game\Battle\Start</Filter>
    </ClCompile>
    <ClCompile Include="BattleCommand.cpp">
      <Filter>ソース ファイル\Scene\Game\Battle\Command</Filter>
    </ClCompile>
    <ClCompile Include="BattleComparison.cpp">
      <Filter>ソース ファイル\Scene\Game\Battle\Comparison</Filter>
    </ClCompile>
    <ClCompile Include="BattleMoveMentStart.cpp">
      <Filter>ソース ファイル\Scene\Game\Battle\MoveMentStart</Filter>
    </ClCompile>
    <ClCompile Include="BattleMoveMentEnd.cpp">
      <Filter>ソース ファイル\Scene\Game\Battle\MoveMentEnd</Filter>
    </ClCompile>
    <ClCompile Include="BattleEscape.cpp">
      <Filter>ソース ファイル\Scene\Game\Battle\Escape</Filter>
    </ClCompile>
    <ClCompile Include="BattleVictory.cpp">
      <Filter>ソース ファイル\Scene\Game\Battle\Victory</Filter>
    </ClCompile>
    <ClCompile Include="BattleDefeat.cpp">
      <Filter>ソース ファイル\Scene\Game\Battle\Defeat</Filter>
    </ClCompile>
    <ClCompile Include="BattleContinue.cpp">
      <Filter>ソース ファイル\Scene\Game\Battle\Continue</Filter>
    </ClCompile>
    <ClCompile Include="SceneManager.cpp">
      <Filter>ソース ファイル\Scene</Filter>
    </ClCompile>
    <ClCompile Include="ArrowSymbol.cpp">
      <Filter>ソース ファイル\GameObject\ArrowSymbol</Filter>
    </ClCompile>
    <ClCompile Include="BattleEventManager.cpp">
      <Filter>ソース ファイル\Scene\Game\Battle</Filter>
    </ClCompile>
    <ClCompile Include="SimpleCommand.cpp">
      <Filter>ソース ファイル\Scene\Game\Battle\Command</Filter>
    </ClCompile>
    <ClCompile Include="SkillCommand.cpp">
      <Filter>ソース ファイル\Scene\Game\Battle\Command</Filter>
    </ClCompile>
    <ClCompile Include="TargetCommand.cpp">
      <Filter>ソース ファイル\Scene\Game\Battle\Command</Filter>
    </ClCompile>
    <ClCompile Include="Collision.cpp">
      <Filter>ソース ファイル\Collider</Filter>
    </ClCompile>
    <ClCompile Include="ColliderManager.cpp">
      <Filter>ソース ファイル\Collider</Filter>
    </ClCompile>
    <ClCompile Include="BoxCollider.cpp">
      <Filter>ソース ファイル\Collider</Filter>
    </ClCompile>
  </ItemGroup>
  <ItemGroup>
    <ClInclude Include="App.h">
      <Filter>ソース ファイル\system\h</Filter>
    </ClInclude>
    <ClInclude Include="Status.h">
      <Filter>ソース ファイル\system\h</Filter>
    </ClInclude>
    <ClInclude Include="Input.h">
      <Filter>ソース ファイル\system\h</Filter>
    </ClInclude>
    <ClInclude Include="DebugDrawGrid.h">
      <Filter>ソース ファイル\system\h</Filter>
    </ClInclude>
    <ClInclude Include="AssetManager.h">
      <Filter>ソース ファイル\system\h</Filter>
    </ClInclude>
    <ClInclude Include="Field.h">
      <Filter>ソース ファイル\GameObject\BackGround\h</Filter>
    </ClInclude>
    <ClInclude Include="Character.h">
      <Filter>ソース ファイル\GameObject\Character</Filter>
    </ClInclude>
    <ClInclude Include="BattleStateMachine.h">
      <Filter>ソース ファイル\Scene\Game\Battle</Filter>
    </ClInclude>
    <ClInclude Include="PlayScene.h">
      <Filter>ソース ファイル\Scene\Game</Filter>
    </ClInclude>
    <ClInclude Include="TitleScene.h">
      <Filter>ソース ファイル\Scene\Title</Filter>
    </ClInclude>
    <ClInclude Include="EndScene.h">
      <Filter>ソース ファイル\Scene\Ending</Filter>
    </ClInclude>
    <ClInclude Include="Player.h">
      <Filter>ソース ファイル\GameObject\Character\Player</Filter>
    </ClInclude>
    <ClInclude Include="Enemy.h">
      <Filter>ソース ファイル\GameObject\Character\Enemy</Filter>
    </ClInclude>
    <ClInclude Include="Deamon.h">
      <Filter>ソース ファイル\GameObject\Character\Enemy\Deamon</Filter>
    </ClInclude>
    <ClInclude Include="BattleStart.h">
      <Filter>ソース ファイル\Scene\Game\Battle\Start</Filter>
    </ClInclude>
    <ClInclude Include="BattleCommand.h">
      <Filter>ソース ファイル\Scene\Game\Battle\Command</Filter>
    </ClInclude>
    <ClInclude Include="BattleComparison.h">
      <Filter>ソース ファイル\Scene\Game\Battle\Comparison</Filter>
    </ClInclude>
    <ClInclude Include="BattleMoveMentStart.h">
      <Filter>ソース ファイル\Scene\Game\Battle\MoveMentStart</Filter>
    </ClInclude>
    <ClInclude Include="BattleMoveMentEnd.h">
      <Filter>ソース ファイル\Scene\Game\Battle\MoveMentEnd</Filter>
    </ClInclude>
    <ClInclude Include="BattleEscape.h">
      <Filter>ソース ファイル\Scene\Game\Battle\Escape</Filter>
    </ClInclude>
    <ClInclude Include="BattleVictory.h">
      <Filter>ソース ファイル\Scene\Game\Battle\Victory</Filter>
    </ClInclude>
    <ClInclude Include="BattleDefeat.h">
      <Filter>ソース ファイル\Scene\Game\Battle\Defeat</Filter>
    </ClInclude>
    <ClInclude Include="BattleContinue.h">
      <Filter>ソース ファイル\Scene\Game\Battle\Continue</Filter>
    </ClInclude>
    <ClInclude Include="SceneManager.h">
      <Filter>ソース ファイル\Scene</Filter>
    </ClInclude>
    <ClInclude Include="SceneBase.h">
      <Filter>ソース ファイル\Scene</Filter>
    </ClInclude>
    <ClInclude Include="ArrowSymbol.h">
      <Filter>ソース ファイル\GameObject\ArrowSymbol</Filter>
    </ClInclude>
    <ClInclude Include="BattleEventManager.h">
      <Filter>ソース ファイル\Scene\Game\Battle</Filter>
    </ClInclude>
    <ClInclude Include="BattleCommandManager.h">
      <Filter>ソース ファイル\Scene\Game\Battle\Command</Filter>
    </ClInclude>
    <ClInclude Include="Command.h">
      <Filter>ソース ファイル\Scene\Game\Battle\Command</Filter>
    </ClInclude>
    <ClInclude Include="SimpleCommand.h">
      <Filter>ソース ファイル\Scene\Game\Battle\Command</Filter>
    </ClInclude>
    <ClInclude Include="SkillCommand.h">
      <Filter>ソース ファイル\Scene\Game\Battle\Command</Filter>
    </ClInclude>
    <ClInclude Include="TargetCommand.h">
      <Filter>ソース ファイル\Scene\Game\Battle\Command</Filter>
    </ClInclude>
    <ClInclude Include="Collision.h">
      <Filter>ソース ファイル\Collider</Filter>
    </ClInclude>
    <ClInclude Include="Skill.h">
      <Filter>ソース ファイル\system\h</Filter>
    </ClInclude>
    <ClInclude Include="ColliderBase.h">
      <Filter>ソース ファイル\Collider</Filter>
    </ClInclude>
    <ClInclude Include="ColliderManager.h">
      <Filter>ソース ファイル\Collider</Filter>
    </ClInclude>
    <ClInclude Include="BoxCollider.h">
      <Filter>ソース ファイル\Collider</Filter>
    </ClInclude>
    <ClInclude Include="WallCollider.h">
      <Filter>ソース ファイル\Collider</Filter>
    </ClInclude>
  </ItemGroup>
</Project>