<?xml version="1.0" encoding="utf-8"?>
<Project ToolsVersion="4.0" xmlns="http://schemas.microsoft.com/developer/msbuild/2003">
  <ItemGroup>
    <Filter Include="ソース ファイル">
      <UniqueIdentifier>{4FC737F1-C7A5-4376-A066-2A32D752A2FF}</UniqueIdentifier>
      <Extensions>cpp;c;cc;cxx;def;odl;idl;hpj;bat;asm;asmx</Extensions>
    </Filter>
    <Filter Include="ソース ファイル\Scene">
      <UniqueIdentifier>{3dee22c8-3c53-4e84-ba11-06a72804877b}</UniqueIdentifier>
    </Filter>
    <Filter Include="ソース ファイル\system">
      <UniqueIdentifier>{7f70c276-79a3-4aab-8c7e-24b75604b681}</UniqueIdentifier>
    </Filter>
    <Filter Include="ソース ファイル\Scene\cpp">
      <UniqueIdentifier>{326262a4-37a2-4afc-80ac-65eb77cac112}</UniqueIdentifier>
    </Filter>
    <Filter Include="ソース ファイル\Scene\h">
      <UniqueIdentifier>{8c847755-49df-41b0-8ffc-d3c78eedf975}</UniqueIdentifier>
    </Filter>
    <Filter Include="ソース ファイル\system\cpp">
      <UniqueIdentifier>{0178c3e3-bc6e-462a-86d7-252039ee27e9}</UniqueIdentifier>
    </Filter>
    <Filter Include="ソース ファイル\system\h">
      <UniqueIdentifier>{ffb83dff-2a11-41bf-a91e-939d38892e84}</UniqueIdentifier>
    </Filter>
    <Filter Include="ソース ファイル\GameObject">
      <UniqueIdentifier>{36c912df-f3b2-4fff-bd8a-c4bcfd1b1024}</UniqueIdentifier>
    </Filter>
    <Filter Include="ソース ファイル\GameObject\cpp">
      <UniqueIdentifier>{f91678bd-d002-46f4-bd84-090dc32001ff}</UniqueIdentifier>
    </Filter>
    <Filter Include="ソース ファイル\GameObject\h">
      <UniqueIdentifier>{2d17fc9c-97be-4fcf-a324-009becec008e}</UniqueIdentifier>
    </Filter>
  </ItemGroup>
  <ItemGroup>
    <ClCompile Include="main.cpp">
      <Filter>ソース ファイル</Filter>
    </ClCompile>
    <ClCompile Include="PlayScene.cpp">
      <Filter>ソース ファイル\Scene\cpp</Filter>
    </ClCompile>
    <ClCompile Include="SceneManager.cpp">
      <Filter>ソース ファイル\Scene\cpp</Filter>
    </ClCompile>
    <ClCompile Include="TitleScene.cpp">
      <Filter>ソース ファイル\Scene\cpp</Filter>
    </ClCompile>
    <ClCompile Include="EndScene.cpp">
      <Filter>ソース ファイル\Scene\cpp</Filter>
    </ClCompile>
    <ClCompile Include="App.cpp">
      <Filter>ソース ファイル\system\cpp</Filter>
    </ClCompile>
    <ClCompile Include="Input.cpp">
      <Filter>ソース ファイル\system\cpp</Filter>
    </ClCompile>
    <ClCompile Include="DebugDrawGrid.cpp">
      <Filter>ソース ファイル\system\cpp</Filter>
    </ClCompile>
    <ClCompile Include="Enemy.cpp">
      <Filter>ソース ファイル\GameObject\cpp</Filter>
    </ClCompile>
    <ClCompile Include="Field.cpp">
      <Filter>ソース ファイル\GameObject\cpp</Filter>
    </ClCompile>
    <ClCompile Include="Player.cpp">
      <Filter>ソース ファイル\GameObject\cpp</Filter>
    </ClCompile>
  </ItemGroup>
  <ItemGroup>
    <ClInclude Include="PlayScene.h">
      <Filter>ソース ファイル\Scene\h</Filter>
    </ClInclude>
    <ClInclude Include="SceneBase.h">
      <Filter>ソース ファイル\Scene\h</Filter>
    </ClInclude>
    <ClInclude Include="SceneManager.h">
      <Filter>ソース ファイル\Scene\h</Filter>
    </ClInclude>
    <ClInclude Include="TitleScene.h">
      <Filter>ソース ファイル\Scene\h</Filter>
    </ClInclude>
    <ClInclude Include="EndScene.h">
      <Filter>ソース ファイル\Scene\h</Filter>
    </ClInclude>
    <ClInclude Include="App.h">
      <Filter>ソース ファイル\system\h</Filter>
    </ClInclude>
    <ClInclude Include="Status.h">
      <Filter>ソース ファイル\system\h</Filter>
    </ClInclude>
    <ClInclude Include="Input.h">
      <Filter>ソース ファイル\system\h</Filter>
    </ClInclude>
    <ClInclude Include="DebugDrawGrid.h">
      <Filter>ソース ファイル\system\h</Filter>
    </ClInclude>
    <ClInclude Include="Enemy.h">
      <Filter>ソース ファイル\GameObject\h</Filter>
    </ClInclude>
    <ClInclude Include="Field.h">
      <Filter>ソース ファイル\GameObject\h</Filter>
    </ClInclude>
    <ClInclude Include="Player.h">
      <Filter>ソース ファイル\GameObject\h</Filter>
    </ClInclude>
    <ClInclude Include="Character.h">
      <Filter>ソース ファイル\GameObject\h</Filter>
    </ClInclude>
  </ItemGroup>
</Project>